// !$*UTF8*$!
{
	archiveVersion = 1;
	classes = {
	};
	objectVersion = 46;
	objects = {

/* Begin PBXBuildFile section */
		2A6872181E6FDE230080E6EB /* AppDelegate.swift in Sources */ = {isa = PBXBuildFile; fileRef = 2A6872171E6FDE230080E6EB /* AppDelegate.swift */; };
		2A68721A1E6FDE230080E6EB /* ChatViewController.swift in Sources */ = {isa = PBXBuildFile; fileRef = 2A6872191E6FDE230080E6EB /* ChatViewController.swift */; };
		2A68721C1E6FDE230080E6EB /* StatusViewController.swift in Sources */ = {isa = PBXBuildFile; fileRef = 2A68721B1E6FDE230080E6EB /* StatusViewController.swift */; };
		2A68721F1E6FDE230080E6EB /* Main.storyboard in Resources */ = {isa = PBXBuildFile; fileRef = 2A68721D1E6FDE230080E6EB /* Main.storyboard */; };
		2A6872211E6FDE230080E6EB /* Assets.xcassets in Resources */ = {isa = PBXBuildFile; fileRef = 2A6872201E6FDE230080E6EB /* Assets.xcassets */; };
		2A6872241E6FDE230080E6EB /* LaunchScreen.storyboard in Resources */ = {isa = PBXBuildFile; fileRef = 2A6872221E6FDE230080E6EB /* LaunchScreen.storyboard */; };
		2A68722F1E6FDE230080E6EB /* WhatsappTests.swift in Sources */ = {isa = PBXBuildFile; fileRef = 2A68722E1E6FDE230080E6EB /* WhatsappTests.swift */; };
		2A68723A1E6FDE230080E6EB /* WhatsappUITests.swift in Sources */ = {isa = PBXBuildFile; fileRef = 2A6872391E6FDE230080E6EB /* WhatsappUITests.swift */; };
		2A6872481E6FE28D0080E6EB /* SettingsViewController.swift in Sources */ = {isa = PBXBuildFile; fileRef = 2A6872471E6FE28D0080E6EB /* SettingsViewController.swift */; };
		2A68724A1E7068A30080E6EB /* ChatTableViewCell.swift in Sources */ = {isa = PBXBuildFile; fileRef = 2A6872491E7068A30080E6EB /* ChatTableViewCell.swift */; };
		2A68724C1E706EB90080E6EB /* StatusTableViewCell.swift in Sources */ = {isa = PBXBuildFile; fileRef = 2A68724B1E706EB90080E6EB /* StatusTableViewCell.swift */; };
		2ADE599A1E7852AE001C0382 /* SettingsTableViewCell.swift in Sources */ = {isa = PBXBuildFile; fileRef = 2ADE59991E7852AE001C0382 /* SettingsTableViewCell.swift */; };
		2ADE599C1E7864EF001C0382 /* MessagesViewController.swift in Sources */ = {isa = PBXBuildFile; fileRef = 2ADE599B1E7864EF001C0382 /* MessagesViewController.swift */; };
/* End PBXBuildFile section */

/* Begin PBXContainerItemProxy section */
		2A68722B1E6FDE230080E6EB /* PBXContainerItemProxy */ = {
			isa = PBXContainerItemProxy;
			containerPortal = 2A68720C1E6FDE230080E6EB /* Project object */;
			proxyType = 1;
			remoteGlobalIDString = 2A6872131E6FDE230080E6EB;
			remoteInfo = Whatsapp;
		};
		2A6872361E6FDE230080E6EB /* PBXContainerItemProxy */ = {
			isa = PBXContainerItemProxy;
			containerPortal = 2A68720C1E6FDE230080E6EB /* Project object */;
			proxyType = 1;
			remoteGlobalIDString = 2A6872131E6FDE230080E6EB;
			remoteInfo = Whatsapp;
		};
/* End PBXContainerItemProxy section */

/* Begin PBXFileReference section */
		2A6872141E6FDE230080E6EB /* Whatsapp.app */ = {isa = PBXFileReference; explicitFileType = wrapper.application; includeInIndex = 0; path = Whatsapp.app; sourceTree = BUILT_PRODUCTS_DIR; };
		2A6872171E6FDE230080E6EB /* AppDelegate.swift */ = {isa = PBXFileReference; lastKnownFileType = sourcecode.swift; path = AppDelegate.swift; sourceTree = "<group>"; };
		2A6872191E6FDE230080E6EB /* ChatViewController.swift */ = {isa = PBXFileReference; lastKnownFileType = sourcecode.swift; path = ChatViewController.swift; sourceTree = "<group>"; };
		2A68721B1E6FDE230080E6EB /* StatusViewController.swift */ = {isa = PBXFileReference; lastKnownFileType = sourcecode.swift; path = StatusViewController.swift; sourceTree = "<group>"; };
		2A68721E1E6FDE230080E6EB /* Base */ = {isa = PBXFileReference; lastKnownFileType = file.storyboard; name = Base; path = Base.lproj/Main.storyboard; sourceTree = "<group>"; };
		2A6872201E6FDE230080E6EB /* Assets.xcassets */ = {isa = PBXFileReference; lastKnownFileType = folder.assetcatalog; path = Assets.xcassets; sourceTree = "<group>"; };
		2A6872231E6FDE230080E6EB /* Base */ = {isa = PBXFileReference; lastKnownFileType = file.storyboard; name = Base; path = Base.lproj/LaunchScreen.storyboard; sourceTree = "<group>"; };
		2A6872251E6FDE230080E6EB /* Info.plist */ = {isa = PBXFileReference; lastKnownFileType = text.plist.xml; path = Info.plist; sourceTree = "<group>"; };
		2A68722A1E6FDE230080E6EB /* WhatsappTests.xctest */ = {isa = PBXFileReference; explicitFileType = wrapper.cfbundle; includeInIndex = 0; path = WhatsappTests.xctest; sourceTree = BUILT_PRODUCTS_DIR; };
		2A68722E1E6FDE230080E6EB /* WhatsappTests.swift */ = {isa = PBXFileReference; lastKnownFileType = sourcecode.swift; path = WhatsappTests.swift; sourceTree = "<group>"; };
		2A6872301E6FDE230080E6EB /* Info.plist */ = {isa = PBXFileReference; lastKnownFileType = text.plist.xml; path = Info.plist; sourceTree = "<group>"; };
		2A6872351E6FDE230080E6EB /* WhatsappUITests.xctest */ = {isa = PBXFileReference; explicitFileType = wrapper.cfbundle; includeInIndex = 0; path = WhatsappUITests.xctest; sourceTree = BUILT_PRODUCTS_DIR; };
		2A6872391E6FDE230080E6EB /* WhatsappUITests.swift */ = {isa = PBXFileReference; lastKnownFileType = sourcecode.swift; path = WhatsappUITests.swift; sourceTree = "<group>"; };
		2A68723B1E6FDE230080E6EB /* Info.plist */ = {isa = PBXFileReference; lastKnownFileType = text.plist.xml; path = Info.plist; sourceTree = "<group>"; };
		2A6872471E6FE28D0080E6EB /* SettingsViewController.swift */ = {isa = PBXFileReference; fileEncoding = 4; lastKnownFileType = sourcecode.swift; path = SettingsViewController.swift; sourceTree = "<group>"; };
		2A6872491E7068A30080E6EB /* ChatTableViewCell.swift */ = {isa = PBXFileReference; fileEncoding = 4; lastKnownFileType = sourcecode.swift; path = ChatTableViewCell.swift; sourceTree = "<group>"; };
		2A68724B1E706EB90080E6EB /* StatusTableViewCell.swift */ = {isa = PBXFileReference; fileEncoding = 4; lastKnownFileType = sourcecode.swift; path = StatusTableViewCell.swift; sourceTree = "<group>"; };
		2ADE59991E7852AE001C0382 /* SettingsTableViewCell.swift */ = {isa = PBXFileReference; fileEncoding = 4; lastKnownFileType = sourcecode.swift; path = SettingsTableViewCell.swift; sourceTree = "<group>"; };
		2ADE599B1E7864EF001C0382 /* MessagesViewController.swift */ = {isa = PBXFileReference; fileEncoding = 4; lastKnownFileType = sourcecode.swift; path = MessagesViewController.swift; sourceTree = "<group>"; };
/* End PBXFileReference section */

/* Begin PBXFrameworksBuildPhase section */
		2A6872111E6FDE230080E6EB /* Frameworks */ = {
			isa = PBXFrameworksBuildPhase;
			buildActionMask = 2147483647;
			files = (
			);
			runOnlyForDeploymentPostprocessing = 0;
		};
		2A6872271E6FDE230080E6EB /* Frameworks */ = {
			isa = PBXFrameworksBuildPhase;
			buildActionMask = 2147483647;
			files = (
			);
			runOnlyForDeploymentPostprocessing = 0;
		};
		2A6872321E6FDE230080E6EB /* Frameworks */ = {
			isa = PBXFrameworksBuildPhase;
			buildActionMask = 2147483647;
			files = (
			);
			runOnlyForDeploymentPostprocessing = 0;
		};
/* End PBXFrameworksBuildPhase section */

/* Begin PBXGroup section */
		2A68720B1E6FDE230080E6EB = {
			isa = PBXGroup;
			children = (
				2A6872161E6FDE230080E6EB /* Whatsapp */,
				2A68722D1E6FDE230080E6EB /* WhatsappTests */,
				2A6872381E6FDE230080E6EB /* WhatsappUITests */,
				2A6872151E6FDE230080E6EB /* Products */,
			);
			sourceTree = "<group>";
		};
		2A6872151E6FDE230080E6EB /* Products */ = {
			isa = PBXGroup;
			children = (
				2A6872141E6FDE230080E6EB /* Whatsapp.app */,
				2A68722A1E6FDE230080E6EB /* WhatsappTests.xctest */,
				2A6872351E6FDE230080E6EB /* WhatsappUITests.xctest */,
			);
			name = Products;
			sourceTree = "<group>";
		};
		2A6872161E6FDE230080E6EB /* Whatsapp */ = {
			isa = PBXGroup;
			children = (
				2A6872171E6FDE230080E6EB /* AppDelegate.swift */,
				2A6872191E6FDE230080E6EB /* ChatViewController.swift */,
				2A68721B1E6FDE230080E6EB /* StatusViewController.swift */,
				2A68721D1E6FDE230080E6EB /* Main.storyboard */,
				2ADE59991E7852AE001C0382 /* SettingsTableViewCell.swift */,
				2A68724B1E706EB90080E6EB /* StatusTableViewCell.swift */,
				2A6872491E7068A30080E6EB /* ChatTableViewCell.swift */,
				2A6872471E6FE28D0080E6EB /* SettingsViewController.swift */,
				2ADE599B1E7864EF001C0382 /* MessagesViewController.swift */,
				2A6872201E6FDE230080E6EB /* Assets.xcassets */,
				2A6872221E6FDE230080E6EB /* LaunchScreen.storyboard */,
				2A6872251E6FDE230080E6EB /* Info.plist */,
			);
			path = Whatsapp;
			sourceTree = "<group>";
		};
		2A68722D1E6FDE230080E6EB /* WhatsappTests */ = {
			isa = PBXGroup;
			children = (
				2A68722E1E6FDE230080E6EB /* WhatsappTests.swift */,
				2A6872301E6FDE230080E6EB /* Info.plist */,
			);
			path = WhatsappTests;
			sourceTree = "<group>";
		};
		2A6872381E6FDE230080E6EB /* WhatsappUITests */ = {
			isa = PBXGroup;
			children = (
				2A6872391E6FDE230080E6EB /* WhatsappUITests.swift */,
				2A68723B1E6FDE230080E6EB /* Info.plist */,
			);
			path = WhatsappUITests;
			sourceTree = "<group>";
		};
/* End PBXGroup section */

/* Begin PBXNativeTarget section */
		2A6872131E6FDE230080E6EB /* Whatsapp */ = {
			isa = PBXNativeTarget;
			buildConfigurationList = 2A68723E1E6FDE230080E6EB /* Build configuration list for PBXNativeTarget "Whatsapp" */;
			buildPhases = (
				2A6872101E6FDE230080E6EB /* Sources */,
				2A6872111E6FDE230080E6EB /* Frameworks */,
				2A6872121E6FDE230080E6EB /* Resources */,
			);
			buildRules = (
			);
			dependencies = (
			);
			name = Whatsapp;
			productName = Whatsapp;
			productReference = 2A6872141E6FDE230080E6EB /* Whatsapp.app */;
			productType = "com.apple.product-type.application";
		};
		2A6872291E6FDE230080E6EB /* WhatsappTests */ = {
			isa = PBXNativeTarget;
			buildConfigurationList = 2A6872411E6FDE230080E6EB /* Build configuration list for PBXNativeTarget "WhatsappTests" */;
			buildPhases = (
				2A6872261E6FDE230080E6EB /* Sources */,
				2A6872271E6FDE230080E6EB /* Frameworks */,
				2A6872281E6FDE230080E6EB /* Resources */,
			);
			buildRules = (
			);
			dependencies = (
				2A68722C1E6FDE230080E6EB /* PBXTargetDependency */,
			);
			name = WhatsappTests;
			productName = WhatsappTests;
			productReference = 2A68722A1E6FDE230080E6EB /* WhatsappTests.xctest */;
			productType = "com.apple.product-type.bundle.unit-test";
		};
		2A6872341E6FDE230080E6EB /* WhatsappUITests */ = {
			isa = PBXNativeTarget;
			buildConfigurationList = 2A6872441E6FDE230080E6EB /* Build configuration list for PBXNativeTarget "WhatsappUITests" */;
			buildPhases = (
				2A6872311E6FDE230080E6EB /* Sources */,
				2A6872321E6FDE230080E6EB /* Frameworks */,
				2A6872331E6FDE230080E6EB /* Resources */,
			);
			buildRules = (
			);
			dependencies = (
				2A6872371E6FDE230080E6EB /* PBXTargetDependency */,
			);
			name = WhatsappUITests;
			productName = WhatsappUITests;
			productReference = 2A6872351E6FDE230080E6EB /* WhatsappUITests.xctest */;
			productType = "com.apple.product-type.bundle.ui-testing";
		};
/* End PBXNativeTarget section */

/* Begin PBXProject section */
		2A68720C1E6FDE230080E6EB /* Project object */ = {
			isa = PBXProject;
			attributes = {
				LastSwiftUpdateCheck = 0820;
				LastUpgradeCheck = 0820;
				ORGANIZATIONNAME = "Mehul  Singhal ";
				TargetAttributes = {
					2A6872131E6FDE230080E6EB = {
						CreatedOnToolsVersion = 8.2.1;
						DevelopmentTeam = JN457GA6S7;
						ProvisioningStyle = Automatic;
					};
					2A6872291E6FDE230080E6EB = {
						CreatedOnToolsVersion = 8.2.1;
						ProvisioningStyle = Automatic;
						TestTargetID = 2A6872131E6FDE230080E6EB;
					};
					2A6872341E6FDE230080E6EB = {
						CreatedOnToolsVersion = 8.2.1;
						ProvisioningStyle = Automatic;
						TestTargetID = 2A6872131E6FDE230080E6EB;
					};
				};
			};
			buildConfigurationList = 2A68720F1E6FDE230080E6EB /* Build configuration list for PBXProject "Whatsapp" */;
			compatibilityVersion = "Xcode 3.2";
			developmentRegion = English;
			hasScannedForEncodings = 0;
			knownRegions = (
				en,
				Base,
			);
			mainGroup = 2A68720B1E6FDE230080E6EB;
			productRefGroup = 2A6872151E6FDE230080E6EB /* Products */;
			projectDirPath = "";
			projectRoot = "";
			targets = (
				2A6872131E6FDE230080E6EB /* Whatsapp */,
				2A6872291E6FDE230080E6EB /* WhatsappTests */,
				2A6872341E6FDE230080E6EB /* WhatsappUITests */,
			);
		};
/* End PBXProject section */

/* Begin PBXResourcesBuildPhase section */
		2A6872121E6FDE230080E6EB /* Resources */ = {
			isa = PBXResourcesBuildPhase;
			buildActionMask = 2147483647;
			files = (
				2A6872241E6FDE230080E6EB /* LaunchScreen.storyboard in Resources */,
				2A6872211E6FDE230080E6EB /* Assets.xcassets in Resources */,
				2A68721F1E6FDE230080E6EB /* Main.storyboard in Resources */,
			);
			runOnlyForDeploymentPostprocessing = 0;
		};
		2A6872281E6FDE230080E6EB /* Resources */ = {
			isa = PBXResourcesBuildPhase;
			buildActionMask = 2147483647;
			files = (
			);
			runOnlyForDeploymentPostprocessing = 0;
		};
		2A6872331E6FDE230080E6EB /* Resources */ = {
			isa = PBXResourcesBuildPhase;
			buildActionMask = 2147483647;
			files = (
			);
			runOnlyForDeploymentPostprocessing = 0;
		};
/* End PBXResourcesBuildPhase section */

/* Begin PBXSourcesBuildPhase section */
		2A6872101E6FDE230080E6EB /* Sources */ = {
			isa = PBXSourcesBuildPhase;
			buildActionMask = 2147483647;
			files = (
				2A68721C1E6FDE230080E6EB /* StatusViewController.swift in Sources */,
				2A6872181E6FDE230080E6EB /* AppDelegate.swift in Sources */,
				2A68724A1E7068A30080E6EB /* ChatTableViewCell.swift in Sources */,
				2A68724C1E706EB90080E6EB /* StatusTableViewCell.swift in Sources */,
				2ADE599A1E7852AE001C0382 /* SettingsTableViewCell.swift in Sources */,
				2A68721A1E6FDE230080E6EB /* ChatViewController.swift in Sources */,
				2ADE599C1E7864EF001C0382 /* MessagesViewController.swift in Sources */,
				2A6872481E6FE28D0080E6EB /* SettingsViewController.swift in Sources */,
			);
			runOnlyForDeploymentPostprocessing = 0;
		};
		2A6872261E6FDE230080E6EB /* Sources */ = {
			isa = PBXSourcesBuildPhase;
			buildActionMask = 2147483647;
			files = (
				2A68722F1E6FDE230080E6EB /* WhatsappTests.swift in Sources */,
			);
			runOnlyForDeploymentPostprocessing = 0;
		};
		2A6872311E6FDE230080E6EB /* Sources */ = {
			isa = PBXSourcesBuildPhase;
			buildActionMask = 2147483647;
			files = (
				2A68723A1E6FDE230080E6EB /* WhatsappUITests.swift in Sources */,
			);
			runOnlyForDeploymentPostprocessing = 0;
		};
/* End PBXSourcesBuildPhase section */

/* Begin PBXTargetDependency section */
		2A68722C1E6FDE230080E6EB /* PBXTargetDependency */ = {
			isa = PBXTargetDependency;
			target = 2A6872131E6FDE230080E6EB /* Whatsapp */;
			targetProxy = 2A68722B1E6FDE230080E6EB /* PBXContainerItemProxy */;
		};
		2A6872371E6FDE230080E6EB /* PBXTargetDependency */ = {
			isa = PBXTargetDependency;
			target = 2A6872131E6FDE230080E6EB /* Whatsapp */;
			targetProxy = 2A6872361E6FDE230080E6EB /* PBXContainerItemProxy */;
		};
/* End PBXTargetDependency section */

/* Begin PBXVariantGroup section */
		2A68721D1E6FDE230080E6EB /* Main.storyboard */ = {
			isa = PBXVariantGroup;
			children = (
				2A68721E1E6FDE230080E6EB /* Base */,
			);
			name = Main.storyboard;
			sourceTree = "<group>";
		};
		2A6872221E6FDE230080E6EB /* LaunchScreen.storyboard */ = {
			isa = PBXVariantGroup;
			children = (
				2A6872231E6FDE230080E6EB /* Base */,
			);
			name = LaunchScreen.storyboard;
			sourceTree = "<group>";
		};
/* End PBXVariantGroup section */

/* Begin XCBuildConfiguration section */
		2A68723C1E6FDE230080E6EB /* Debug */ = {
			isa = XCBuildConfiguration;
			buildSettings = {
				ALWAYS_SEARCH_USER_PATHS = NO;
				CLANG_ANALYZER_NONNULL = YES;
				CLANG_CXX_LANGUAGE_STANDARD = "gnu++0x";
				CLANG_CXX_LIBRARY = "libc++";
				CLANG_ENABLE_MODULES = YES;
				CLANG_ENABLE_OBJC_ARC = YES;
				CLANG_WARN_BOOL_CONVERSION = YES;
				CLANG_WARN_CONSTANT_CONVERSION = YES;
				CLANG_WARN_DIRECT_OBJC_ISA_USAGE = YES_ERROR;
				CLANG_WARN_DOCUMENTATION_COMMENTS = YES;
				CLANG_WARN_EMPTY_BODY = YES;
				CLANG_WARN_ENUM_CONVERSION = YES;
				CLANG_WARN_INFINITE_RECURSION = YES;
				CLANG_WARN_INT_CONVERSION = YES;
				CLANG_WARN_OBJC_ROOT_CLASS = YES_ERROR;
				CLANG_WARN_SUSPICIOUS_MOVE = YES;
				CLANG_WARN_UNREACHABLE_CODE = YES;
				CLANG_WARN__DUPLICATE_METHOD_MATCH = YES;
				"CODE_SIGN_IDENTITY[sdk=iphoneos*]" = "iPhone Developer";
				COPY_PHASE_STRIP = NO;
				DEBUG_INFORMATION_FORMAT = dwarf;
				ENABLE_STRICT_OBJC_MSGSEND = YES;
				ENABLE_TESTABILITY = YES;
				GCC_C_LANGUAGE_STANDARD = gnu99;
				GCC_DYNAMIC_NO_PIC = NO;
				GCC_NO_COMMON_BLOCKS = YES;
				GCC_OPTIMIZATION_LEVEL = 0;
				GCC_PREPROCESSOR_DEFINITIONS = (
					"DEBUG=1",
					"$(inherited)",
				);
				GCC_WARN_64_TO_32_BIT_CONVERSION = YES;
				GCC_WARN_ABOUT_RETURN_TYPE = YES_ERROR;
				GCC_WARN_UNDECLARED_SELECTOR = YES;
				GCC_WARN_UNINITIALIZED_AUTOS = YES_AGGRESSIVE;
				GCC_WARN_UNUSED_FUNCTION = YES;
				GCC_WARN_UNUSED_VARIABLE = YES;
				IPHONEOS_DEPLOYMENT_TARGET = 10.2;
				MTL_ENABLE_DEBUG_INFO = YES;
				ONLY_ACTIVE_ARCH = YES;
				SDKROOT = iphoneos;
				SWIFT_ACTIVE_COMPILATION_CONDITIONS = DEBUG;
				SWIFT_OPTIMIZATION_LEVEL = "-Onone";
				TARGETED_DEVICE_FAMILY = "1,2";
			};
			name = Debug;
		};
		2A68723D1E6FDE230080E6EB /* Release */ = {
			isa = XCBuildConfiguration;
			buildSettings = {
				ALWAYS_SEARCH_USER_PATHS = NO;
				CLANG_ANALYZER_NONNULL = YES;
				CLANG_CXX_LANGUAGE_STANDARD = "gnu++0x";
				CLANG_CXX_LIBRARY = "libc++";
				CLANG_ENABLE_MODULES = YES;
				CLANG_ENABLE_OBJC_ARC = YES;
				CLANG_WARN_BOOL_CONVERSION = YES;
				CLANG_WARN_CONSTANT_CONVERSION = YES;
				CLANG_WARN_DIRECT_OBJC_ISA_USAGE = YES_ERROR;
				CLANG_WARN_DOCUMENTATION_COMMENTS = YES;
				CLANG_WARN_EMPTY_BODY = YES;
				CLANG_WARN_ENUM_CONVERSION = YES;
				CLANG_WARN_INFINITE_RECURSION = YES;
				CLANG_WARN_INT_CONVERSION = YES;
				CLANG_WARN_OBJC_ROOT_CLASS = YES_ERROR;
				CLANG_WARN_SUSPICIOUS_MOVE = YES;
				CLANG_WARN_UNREACHABLE_CODE = YES;
				CLANG_WARN__DUPLICATE_METHOD_MATCH = YES;
				"CODE_SIGN_IDENTITY[sdk=iphoneos*]" = "iPhone Developer";
				COPY_PHASE_STRIP = NO;
				DEBUG_INFORMATION_FORMAT = "dwarf-with-dsym";
				ENABLE_NS_ASSERTIONS = NO;
				ENABLE_STRICT_OBJC_MSGSEND = YES;
				GCC_C_LANGUAGE_STANDARD = gnu99;
				GCC_NO_COMMON_BLOCKS = YES;
				GCC_WARN_64_TO_32_BIT_CONVERSION = YES;
				GCC_WARN_ABOUT_RETURN_TYPE = YES_ERROR;
				GCC_WARN_UNDECLARED_SELECTOR = YES;
				GCC_WARN_UNINITIALIZED_AUTOS = YES_AGGRESSIVE;
				GCC_WARN_UNUSED_FUNCTION = YES;
				GCC_WARN_UNUSED_VARIABLE = YES;
				IPHONEOS_DEPLOYMENT_TARGET = 10.2;
				MTL_ENABLE_DEBUG_INFO = NO;
				SDKROOT = iphoneos;
				SWIFT_OPTIMIZATION_LEVEL = "-Owholemodule";
				TARGETED_DEVICE_FAMILY = "1,2";
				VALIDATE_PRODUCT = YES;
			};
			name = Release;
		};
		2A68723F1E6FDE230080E6EB /* Debug */ = {
			isa = XCBuildConfiguration;
			buildSettings = {
				ASSETCATALOG_COMPILER_APPICON_NAME = AppIcon;
				DEVELOPMENT_TEAM = JN457GA6S7;
				INFOPLIST_FILE = Whatsapp/Info.plist;
				LD_RUNPATH_SEARCH_PATHS = "$(inherited) @executable_path/Frameworks";
				PRODUCT_BUNDLE_IDENTIFIER = Mehul.Whatsapp;
				PRODUCT_NAME = "$(TARGET_NAME)";
				SWIFT_VERSION = 3.0;
			};
			name = Debug;
		};
		2A6872401E6FDE230080E6EB /* Release */ = {
			isa = XCBuildConfiguration;
			buildSettings = {
				ASSETCATALOG_COMPILER_APPICON_NAME = AppIcon;
				DEVELOPMENT_TEAM = JN457GA6S7;
				INFOPLIST_FILE = Whatsapp/Info.plist;
				LD_RUNPATH_SEARCH_PATHS = "$(inherited) @executable_path/Frameworks";
				PRODUCT_BUNDLE_IDENTIFIER = Mehul.Whatsapp;
				PRODUCT_NAME = "$(TARGET_NAME)";
				SWIFT_VERSION = 3.0;
			};
			name = Release;
		};
		2A6872421E6FDE230080E6EB /* Debug */ = {
			isa = XCBuildConfiguration;
			buildSettings = {
				ALWAYS_EMBED_SWIFT_STANDARD_LIBRARIES = YES;
				BUNDLE_LOADER = "$(TEST_HOST)";
				INFOPLIST_FILE = WhatsappTests/Info.plist;
				LD_RUNPATH_SEARCH_PATHS = "$(inherited) @executable_path/Frameworks @loader_path/Frameworks";
				PRODUCT_BUNDLE_IDENTIFIER = Mehul.WhatsappTests;
				PRODUCT_NAME = "$(TARGET_NAME)";
				SWIFT_VERSION = 3.0;
				TEST_HOST = "$(BUILT_PRODUCTS_DIR)/Whatsapp.app/Whatsapp";
			};
			name = Debug;
		};
		2A6872431E6FDE230080E6EB /* Release */ = {
			isa = XCBuildConfiguration;
			buildSettings = {
				ALWAYS_EMBED_SWIFT_STANDARD_LIBRARIES = YES;
				BUNDLE_LOADER = "$(TEST_HOST)";
				INFOPLIST_FILE = WhatsappTests/Info.plist;
				LD_RUNPATH_SEARCH_PATHS = "$(inherited) @executable_path/Frameworks @loader_path/Frameworks";
				PRODUCT_BUNDLE_IDENTIFIER = Mehul.WhatsappTests;
				PRODUCT_NAME = "$(TARGET_NAME)";
				SWIFT_VERSION = 3.0;
				TEST_HOST = "$(BUILT_PRODUCTS_DIR)/Whatsapp.app/Whatsapp";
			};
			name = Release;
		};
		2A6872451E6FDE230080E6EB /* Debug */ = {
			isa = XCBuildConfiguration;
			buildSettings = {
				ALWAYS_EMBED_SWIFT_STANDARD_LIBRARIES = YES;
				INFOPLIST_FILE = WhatsappUITests/Info.plist;
				LD_RUNPATH_SEARCH_PATHS = "$(inherited) @executable_path/Frameworks @loader_path/Frameworks";
				PRODUCT_BUNDLE_IDENTIFIER = Mehul.WhatsappUITests;
				PRODUCT_NAME = "$(TARGET_NAME)";
				SWIFT_VERSION = 3.0;
				TEST_TARGET_NAME = Whatsapp;
			};
			name = Debug;
		};
		2A6872461E6FDE230080E6EB /* Release */ = {
			isa = XCBuildConfiguration;
			buildSettings = {
				ALWAYS_EMBED_SWIFT_STANDARD_LIBRARIES = YES;
				INFOPLIST_FILE = WhatsappUITests/Info.plist;
				LD_RUNPATH_SEARCH_PATHS = "$(inherited) @executable_path/Frameworks @loader_path/Frameworks";
				PRODUCT_BUNDLE_IDENTIFIER = Mehul.WhatsappUITests;
				PRODUCT_NAME = "$(TARGET_NAME)";
				SWIFT_VERSION = 3.0;
				TEST_TARGET_NAME = Whatsapp;
			};
			name = Release;
		};
/* End XCBuildConfiguration section */

/* Begin XCConfigurationList section */
		2A68720F1E6FDE230080E6EB /* Build configuration list for PBXProject "Whatsapp" */ = {
			isa = XCConfigurationList;
			buildConfigurations = (
				2A68723C1E6FDE230080E6EB /* Debug */,
				2A68723D1E6FDE230080E6EB /* Release */,
			);
			defaultConfigurationIsVisible = 0;
			defaultConfigurationName = Release;
		};
		2A68723E1E6FDE230080E6EB /* Build configuration list for PBXNativeTarget "Whatsapp" */ = {
			isa = XCConfigurationList;
			buildConfigurations = (
				2A68723F1E6FDE230080E6EB /* Debug */,
				2A6872401E6FDE230080E6EB /* Release */,
			);
			defaultConfigurationIsVisible = 0;
			defaultConfigurationName = Release;
		};
		2A6872411E6FDE230080E6EB /* Build configuration list for PBXNativeTarget "WhatsappTests" */ = {
			isa = XCConfigurationList;
			buildConfigurations = (
				2A6872421E6FDE230080E6EB /* Debug */,
				2A6872431E6FDE230080E6EB /* Release */,
			);
			defaultConfigurationIsVisible = 0;
			defaultConfigurationName = Release;
		};
		2A6872441E6FDE230080E6EB /* Build configuration list for PBXNativeTarget "WhatsappUITests" */ = {
			isa = XCConfigurationList;
			buildConfigurations = (
				2A6872451E6FDE230080E6EB /* Debug */,
				2A6872461E6FDE230080E6EB /* Release */,
			);
			defaultConfigurationIsVisible = 0;
			defaultConfigurationName = Release;
		};
/* End XCConfigurationList section */
	};
	rootObject = 2A68720C1E6FDE230080E6EB /* Project object */;
}
